
Microsoft Visual Studio Solution File, Format Version 12.00
# Visual Studio 15
Project("{FAE04EC0-301F-11D3-BF4B-00C04F79EFBC}") = "Marcus Linton.Plugins", "Marcus Linton.Plugins.csproj", "{6395B804-513C-11D6-169F-BE556E08464D}"
EndProject
Project("{FAE04EC0-301F-11D3-BF4B-00C04F79EFBC}") = "Marcus Linton", "Marcus Linton.csproj", "{444F485E-ACB3-C20A-105B-3789EB2254E1}"
EndProject
Project("{FAE04EC0-301F-11D3-BF4B-00C04F79EFBC}") = "Marcus Linton.Editor.Plugins", "Marcus Linton.Editor.Plugins.csproj", "{8678A091-D447-4497-ABC0-B737ECEEA644}"
EndProject
Global
	GlobalSection(SolutionConfigurationPlatforms) = preSolution
		Debug|Any CPU = Debug|Any CPU
		Release|Any CPU = Release|Any CPU
	EndGlobalSection
	GlobalSection(ProjectConfigurationPlatforms) = postSolution
		{6395B804-513C-11D6-169F-BE556E08464D}.Debug|Any CPU.ActiveCfg = Debug|Any CPU
		{6395B804-513C-11D6-169F-BE556E08464D}.Debug|Any CPU.Build.0 = Debug|Any CPU
		{6395B804-513C-11D6-169F-BE556E08464D}.Release|Any CPU.ActiveCfg = Release|Any CPU
		{6395B804-513C-11D6-169F-BE556E08464D}.Release|Any CPU.Build.0 = Release|Any CPU
		{444F485E-ACB3-C20A-105B-3789EB2254E1}.Debug|Any CPU.ActiveCfg = Debug|Any CPU
		{444F485E-ACB3-C20A-105B-3789EB2254E1}.Debug|Any CPU.Build.0 = Debug|Any CPU
		{444F485E-ACB3-C20A-105B-3789EB2254E1}.Release|Any CPU.ActiveCfg = Release|Any CPU
		{444F485E-ACB3-C20A-105B-3789EB2254E1}.Release|Any CPU.Build.0 = Release|Any CPU
		{8678A091-D447-4497-ABC0-B737ECEEA644}.Debug|Any CPU.ActiveCfg = Debug|Any CPU
		{8678A091-D447-4497-ABC0-B737ECEEA644}.Debug|Any CPU.Build.0 = Debug|Any CPU
		{8678A091-D447-4497-ABC0-B737ECEEA644}.Release|Any CPU.ActiveCfg = Release|Any CPU
		{8678A091-D447-4497-ABC0-B737ECEEA644}.Release|Any CPU.Build.0 = Release|Any CPU
	EndGlobalSection
	GlobalSection(SolutionProperties) = preSolution
		HideSolutionNode = FALSE
	EndGlobalSection
EndGlobal
